
Microsoft Visual Studio Solution File, Format Version 12.00
# Visual Studio Version 17
VisualStudioVersion = 17.7.34024.191
MinimumVisualStudioVersion = 10.0.40219.1
Project("{FAE04EC0-301F-11D3-BF4B-00C04F79EFBC}") = "LoopingLabTask1", "LoopingLabTask1.csproj", "{E7DDAC85-49D0-4B18-8D66-C25DEC5EB32A}"
EndProject
Global
	GlobalSection(SolutionConfigurationPlatforms) = preSolution
		Debug|Any CPU = Debug|Any CPU
		Release|Any CPU = Release|Any CPU
	EndGlobalSection
	GlobalSection(ProjectConfigurationPlatforms) = postSolution
		{E7DDAC85-49D0-4B18-8D66-C25DEC5EB32A}.Debug|Any CPU.ActiveCfg = Debug|Any CPU
		{E7DDAC85-49D0-4B18-8D66-C25DEC5EB32A}.Debug|Any CPU.Build.0 = Debug|Any CPU
		{E7DDAC85-49D0-4B18-8D66-C25DEC5EB32A}.Release|Any CPU.ActiveCfg = Release|Any CPU
		{E7DDAC85-49D0-4B18-8D66-C25DEC5EB32A}.Release|Any CPU.Build.0 = Release|Any CPU
	EndGlobalSection
	GlobalSection(SolutionProperties) = preSolution
		HideSolutionNode = FALSE
	EndGlobalSection
	GlobalSection(ExtensibilityGlobals) = postSolution
		SolutionGuid = {BCE6E86F-03AD-4983-BE90-1265A84EF158}
	EndGlobalSection
EndGlobal
